
Microsoft Visual Studio Solution File, Format Version 12.00
# Visual Studio 15
VisualStudioVersion = 15.0.28307.902
MinimumVisualStudioVersion = 10.0.40219.1
Project("{FAE04EC0-301F-11D3-BF4B-00C04F79EFBC}") = "Hospice.Web", "Hospice.Web\Hospice.Web.csproj", "{187665A0-3572-43B1-A1BD-D8CD207E41FB}"
EndProject
Project("{FAE04EC0-301F-11D3-BF4B-00C04F79EFBC}") = "Hospice.DAL", "Hospice.DAL\Hospice.DAL.csproj", "{1BA4445B-DDF7-4863-ADFF-AF0044A93ED4}"
EndProject
Project("{FAE04EC0-301F-11D3-BF4B-00C04F79EFBC}") = "Hospice.Helper", "Hospice.Helper\Hospice.Helper.csproj", "{8A62D767-900D-46B5-A9A2-319E399B534F}"
EndProject
Global
	GlobalSection(SolutionConfigurationPlatforms) = preSolution
		Debug|Any CPU = Debug|Any CPU
		Release|Any CPU = Release|Any CPU
	EndGlobalSection
	GlobalSection(ProjectConfigurationPlatforms) = postSolution
		{187665A0-3572-43B1-A1BD-D8CD207E41FB}.Debug|Any CPU.ActiveCfg = Debug|Any CPU
		{187665A0-3572-43B1-A1BD-D8CD207E41FB}.Debug|Any CPU.Build.0 = Debug|Any CPU
		{187665A0-3572-43B1-A1BD-D8CD207E41FB}.Release|Any CPU.ActiveCfg = Release|Any CPU
		{187665A0-3572-43B1-A1BD-D8CD207E41FB}.Release|Any CPU.Build.0 = Release|Any CPU
		{1BA4445B-DDF7-4863-ADFF-AF0044A93ED4}.Debug|Any CPU.ActiveCfg = Debug|Any CPU
		{1BA4445B-DDF7-4863-ADFF-AF0044A93ED4}.Debug|Any CPU.Build.0 = Debug|Any CPU
		{1BA4445B-DDF7-4863-ADFF-AF0044A93ED4}.Release|Any CPU.ActiveCfg = Release|Any CPU
		{1BA4445B-DDF7-4863-ADFF-AF0044A93ED4}.Release|Any CPU.Build.0 = Release|Any CPU
		{8A62D767-900D-46B5-A9A2-319E399B534F}.Debug|Any CPU.ActiveCfg = Debug|Any CPU
		{8A62D767-900D-46B5-A9A2-319E399B534F}.Debug|Any CPU.Build.0 = Debug|Any CPU
		{8A62D767-900D-46B5-A9A2-319E399B534F}.Release|Any CPU.ActiveCfg = Release|Any CPU
		{8A62D767-900D-46B5-A9A2-319E399B534F}.Release|Any CPU.Build.0 = Release|Any CPU
	EndGlobalSection
	GlobalSection(SolutionProperties) = preSolution
		HideSolutionNode = FALSE
	EndGlobalSection
	GlobalSection(ExtensibilityGlobals) = postSolution
		SolutionGuid = {4A0C2679-5DC4-4AFB-80A6-2B8C5E228758}
	EndGlobalSection
EndGlobal
